
Microsoft Visual Studio Solution File, Format Version 12.00
# Visual Studio Version 17
VisualStudioVersion = 17.4.33205.214
MinimumVisualStudioVersion = 10.0.40219.1
Project("{FAE04EC0-301F-11D3-BF4B-00C04F79EFBC}") = "Hb.RedisCacheSample.API", "Hb.RedisCacheSample.API\Hb.RedisCacheSample.API.csproj", "{BE1E9F6F-1EF6-48AF-A6DA-7DAE44B7B2A9}"
EndProject
Project("{FAE04EC0-301F-11D3-BF4B-00C04F79EFBC}") = "Hb.RedisCacheSample.Cache", "Hb.RedisCacheSample.Cache\Hb.RedisCacheSample.Cache.csproj", "{6BB1856A-E5AF-40E2-8A1D-0FD95D234CE4}"
EndProject
Global
	GlobalSection(SolutionConfigurationPlatforms) = preSolution
		Debug|Any CPU = Debug|Any CPU
		Release|Any CPU = Release|Any CPU
	EndGlobalSection
	GlobalSection(ProjectConfigurationPlatforms) = postSolution
		{BE1E9F6F-1EF6-48AF-A6DA-7DAE44B7B2A9}.Debug|Any CPU.ActiveCfg = Debug|Any CPU
		{BE1E9F6F-1EF6-48AF-A6DA-7DAE44B7B2A9}.Debug|Any CPU.Build.0 = Debug|Any CPU
		{BE1E9F6F-1EF6-48AF-A6DA-7DAE44B7B2A9}.Release|Any CPU.ActiveCfg = Release|Any CPU
		{BE1E9F6F-1EF6-48AF-A6DA-7DAE44B7B2A9}.Release|Any CPU.Build.0 = Release|Any CPU
		{6BB1856A-E5AF-40E2-8A1D-0FD95D234CE4}.Debug|Any CPU.ActiveCfg = Debug|Any CPU
		{6BB1856A-E5AF-40E2-8A1D-0FD95D234CE4}.Debug|Any CPU.Build.0 = Debug|Any CPU
		{6BB1856A-E5AF-40E2-8A1D-0FD95D234CE4}.Release|Any CPU.ActiveCfg = Release|Any CPU
		{6BB1856A-E5AF-40E2-8A1D-0FD95D234CE4}.Release|Any CPU.Build.0 = Release|Any CPU
	EndGlobalSection
	GlobalSection(SolutionProperties) = preSolution
		HideSolutionNode = FALSE
	EndGlobalSection
	GlobalSection(ExtensibilityGlobals) = postSolution
		SolutionGuid = {1B007CEC-5EE9-4FB2-B18D-E8C17937BBE7}
	EndGlobalSection
EndGlobal
